// !$*UTF8*$!
{
	archiveVersion = 1;
	classes = {
	};
	objectVersion = 56;
	objects = {

/* Begin PBXBuildFile section */
		8B20EBF82B66C3B2003EC119 /* Regions.swift in Sources */ = {isa = PBXBuildFile; fileRef = 8B20EBF72B66C3B2003EC119 /* Regions.swift */; };
		8B6293D02B62ADB00033B266 /* AirbnbCloneApp.swift in Sources */ = {isa = PBXBuildFile; fileRef = 8B6293CF2B62ADB00033B266 /* AirbnbCloneApp.swift */; };
		8B6293D22B62ADB00033B266 /* ContentView.swift in Sources */ = {isa = PBXBuildFile; fileRef = 8B6293D12B62ADB00033B266 /* ContentView.swift */; };
		8B6293D42B62ADB50033B266 /* Assets.xcassets in Resources */ = {isa = PBXBuildFile; fileRef = 8B6293D32B62ADB50033B266 /* Assets.xcassets */; };
		8B6293D72B62ADB50033B266 /* Preview Assets.xcassets in Resources */ = {isa = PBXBuildFile; fileRef = 8B6293D62B62ADB50033B266 /* Preview Assets.xcassets */; };
		8B6293EA2B62AEE80033B266 /* ExploreView.swift in Sources */ = {isa = PBXBuildFile; fileRef = 8B6293E92B62AEE80033B266 /* ExploreView.swift */; };
		8B6293EC2B62B0440033B266 /* ListingItemView.swift in Sources */ = {isa = PBXBuildFile; fileRef = 8B6293EB2B62B0440033B266 /* ListingItemView.swift */; };
		8B6293EE2B62B6BC0033B266 /* SearchAndFilterBar.swift in Sources */ = {isa = PBXBuildFile; fileRef = 8B6293ED2B62B6BC0033B266 /* SearchAndFilterBar.swift */; };
		8B6293F02B62BFBD0033B266 /* ListingDetailView.swift in Sources */ = {isa = PBXBuildFile; fileRef = 8B6293EF2B62BFBD0033B266 /* ListingDetailView.swift */; };
		8B6293F32B62C0180033B266 /* ListingImageCarouselView.swift in Sources */ = {isa = PBXBuildFile; fileRef = 8B6293F22B62C0180033B266 /* ListingImageCarouselView.swift */; };
		8B6293F52B62CCF70033B266 /* DestinationSearchView.swift in Sources */ = {isa = PBXBuildFile; fileRef = 8B6293F42B62CCF70033B266 /* DestinationSearchView.swift */; };
		8B6293F72B62F7E00033B266 /* ProfileView.swift in Sources */ = {isa = PBXBuildFile; fileRef = 8B6293F62B62F7E00033B266 /* ProfileView.swift */; };
		8B6293F92B62F95A0033B266 /* ProfileOptionRowView.swift in Sources */ = {isa = PBXBuildFile; fileRef = 8B6293F82B62F95A0033B266 /* ProfileOptionRowView.swift */; };
		8B6293FB2B62FA9F0033B266 /* WishListView.swift in Sources */ = {isa = PBXBuildFile; fileRef = 8B6293FA2B62FA9F0033B266 /* WishListView.swift */; };
		8B6293FD2B6340110033B266 /* MainTabView.swift in Sources */ = {isa = PBXBuildFile; fileRef = 8B6293FC2B6340110033B266 /* MainTabView.swift */; };
		8B6294012B6343770033B266 /* Listing.swift in Sources */ = {isa = PBXBuildFile; fileRef = 8B6294002B6343770033B266 /* Listing.swift */; };
		8B6294032B6348430033B266 /* DeveloperPreview.swift in Sources */ = {isa = PBXBuildFile; fileRef = 8B6294022B6348430033B266 /* DeveloperPreview.swift */; };
		8B6294082B634AE00033B266 /* ExploreViewModel.swift in Sources */ = {isa = PBXBuildFile; fileRef = 8B6294072B634AE00033B266 /* ExploreViewModel.swift */; };
		8B62940A2B634B2D0033B266 /* ExploreService.swift in Sources */ = {isa = PBXBuildFile; fileRef = 8B6294092B634B2D0033B266 /* ExploreService.swift */; };
/* End PBXBuildFile section */

/* Begin PBXFileReference section */
		8B20EBF72B66C3B2003EC119 /* Regions.swift */ = {isa = PBXFileReference; lastKnownFileType = sourcecode.swift; path = Regions.swift; sourceTree = "<group>"; };
		8B6293CC2B62ADB00033B266 /* AirbnbClone.app */ = {isa = PBXFileReference; explicitFileType = wrapper.application; includeInIndex = 0; path = AirbnbClone.app; sourceTree = BUILT_PRODUCTS_DIR; };
		8B6293CF2B62ADB00033B266 /* AirbnbCloneApp.swift */ = {isa = PBXFileReference; lastKnownFileType = sourcecode.swift; path = AirbnbCloneApp.swift; sourceTree = "<group>"; };
		8B6293D12B62ADB00033B266 /* ContentView.swift */ = {isa = PBXFileReference; lastKnownFileType = sourcecode.swift; path = ContentView.swift; sourceTree = "<group>"; };
		8B6293D32B62ADB50033B266 /* Assets.xcassets */ = {isa = PBXFileReference; lastKnownFileType = folder.assetcatalog; path = Assets.xcassets; sourceTree = "<group>"; };
		8B6293D62B62ADB50033B266 /* Preview Assets.xcassets */ = {isa = PBXFileReference; lastKnownFileType = folder.assetcatalog; path = "Preview Assets.xcassets"; sourceTree = "<group>"; };
		8B6293E92B62AEE80033B266 /* ExploreView.swift */ = {isa = PBXFileReference; lastKnownFileType = sourcecode.swift; path = ExploreView.swift; sourceTree = "<group>"; };
		8B6293EB2B62B0440033B266 /* ListingItemView.swift */ = {isa = PBXFileReference; lastKnownFileType = sourcecode.swift; path = ListingItemView.swift; sourceTree = "<group>"; };
		8B6293ED2B62B6BC0033B266 /* SearchAndFilterBar.swift */ = {isa = PBXFileReference; lastKnownFileType = sourcecode.swift; path = SearchAndFilterBar.swift; sourceTree = "<group>"; };
		8B6293EF2B62BFBD0033B266 /* ListingDetailView.swift */ = {isa = PBXFileReference; lastKnownFileType = sourcecode.swift; path = ListingDetailView.swift; sourceTree = "<group>"; };
		8B6293F22B62C0180033B266 /* ListingImageCarouselView.swift */ = {isa = PBXFileReference; lastKnownFileType = sourcecode.swift; path = ListingImageCarouselView.swift; sourceTree = "<group>"; };
		8B6293F42B62CCF70033B266 /* DestinationSearchView.swift */ = {isa = PBXFileReference; lastKnownFileType = sourcecode.swift; path = DestinationSearchView.swift; sourceTree = "<group>"; };
		8B6293F62B62F7E00033B266 /* ProfileView.swift */ = {isa = PBXFileReference; lastKnownFileType = sourcecode.swift; path = ProfileView.swift; sourceTree = "<group>"; };
		8B6293F82B62F95A0033B266 /* ProfileOptionRowView.swift */ = {isa = PBXFileReference; lastKnownFileType = sourcecode.swift; path = ProfileOptionRowView.swift; sourceTree = "<group>"; };
		8B6293FA2B62FA9F0033B266 /* WishListView.swift */ = {isa = PBXFileReference; lastKnownFileType = sourcecode.swift; path = WishListView.swift; sourceTree = "<group>"; };
		8B6293FC2B6340110033B266 /* MainTabView.swift */ = {isa = PBXFileReference; lastKnownFileType = sourcecode.swift; path = MainTabView.swift; sourceTree = "<group>"; };
		8B6294002B6343770033B266 /* Listing.swift */ = {isa = PBXFileReference; lastKnownFileType = sourcecode.swift; path = Listing.swift; sourceTree = "<group>"; };
		8B6294022B6348430033B266 /* DeveloperPreview.swift */ = {isa = PBXFileReference; lastKnownFileType = sourcecode.swift; path = DeveloperPreview.swift; sourceTree = "<group>"; };
		8B6294072B634AE00033B266 /* ExploreViewModel.swift */ = {isa = PBXFileReference; lastKnownFileType = sourcecode.swift; path = ExploreViewModel.swift; sourceTree = "<group>"; };
		8B6294092B634B2D0033B266 /* ExploreService.swift */ = {isa = PBXFileReference; lastKnownFileType = sourcecode.swift; path = ExploreService.swift; sourceTree = "<group>"; };
/* End PBXFileReference section */

/* Begin PBXFrameworksBuildPhase section */
		8B6293C92B62ADB00033B266 /* Frameworks */ = {
			isa = PBXFrameworksBuildPhase;
			buildActionMask = 2147483647;
			files = (
			);
			runOnlyForDeploymentPostprocessing = 0;
		};
/* End PBXFrameworksBuildPhase section */

/* Begin PBXGroup section */
		8B6293C32B62ADB00033B266 = {
			isa = PBXGroup;
			children = (
				8B6293CE2B62ADB00033B266 /* AirbnbClone */,
				8B6293CD2B62ADB00033B266 /* Products */,
			);
			sourceTree = "<group>";
		};
		8B6293CD2B62ADB00033B266 /* Products */ = {
			isa = PBXGroup;
			children = (
				8B6293CC2B62ADB00033B266 /* AirbnbClone.app */,
			);
			name = Products;
			sourceTree = "<group>";
		};
		8B6293CE2B62ADB00033B266 /* AirbnbClone */ = {
			isa = PBXGroup;
			children = (
				8B6293DD2B62ADBF0033B266 /* App */,
				8B6293DE2B62ADCB0033B266 /* Core */,
				8B6293DF2B62ADD70033B266 /* Extensions */,
				8B6293E12B62ADEC0033B266 /* Utils */,
				8B6293E02B62ADE30033B266 /* Models */,
				8B6293D12B62ADB00033B266 /* ContentView.swift */,
				8B6293D32B62ADB50033B266 /* Assets.xcassets */,
				8B6293D52B62ADB50033B266 /* Preview Content */,
			);
			path = AirbnbClone;
			sourceTree = "<group>";
		};
		8B6293D52B62ADB50033B266 /* Preview Content */ = {
			isa = PBXGroup;
			children = (
				8B6293D62B62ADB50033B266 /* Preview Assets.xcassets */,
			);
			path = "Preview Content";
			sourceTree = "<group>";
		};
		8B6293DD2B62ADBF0033B266 /* App */ = {
			isa = PBXGroup;
			children = (
				8B6293CF2B62ADB00033B266 /* AirbnbCloneApp.swift */,
			);
			path = App;
			sourceTree = "<group>";
		};
		8B6293DE2B62ADCB0033B266 /* Core */ = {
			isa = PBXGroup;
			children = (
				8B6293F12B62BFFA0033B266 /* Components */,
				8B6293E22B62AE160033B266 /* Explore */,
				8B6293E32B62AE240033B266 /* Listings */,
				8B6293E42B62AE470033B266 /* MapView */,
				8B6293E52B62AE5D0033B266 /* Profile */,
				8B6293E82B62AE860033B266 /* Root */,
				8B6293E72B62AE790033B266 /* TabBar */,
				8B6293E62B62AE6E0033B266 /* Wishlists */,
			);
			path = Core;
			sourceTree = "<group>";
		};
		8B6293DF2B62ADD70033B266 /* Extensions */ = {
			isa = PBXGroup;
			children = (
				8B6294022B6348430033B266 /* DeveloperPreview.swift */,
				8B20EBF72B66C3B2003EC119 /* Regions.swift */,
			);
			path = Extensions;
			sourceTree = "<group>";
		};
		8B6293E02B62ADE30033B266 /* Models */ = {
			isa = PBXGroup;
			children = (
			);
			path = Models;
			sourceTree = "<group>";
		};
		8B6293E12B62ADEC0033B266 /* Utils */ = {
			isa = PBXGroup;
			children = (
			);
			path = Utils;
			sourceTree = "<group>";
		};
		8B6293E22B62AE160033B266 /* Explore */ = {
			isa = PBXGroup;
			children = (
				8B6294042B634AAA0033B266 /* Service */,
				8B6294052B634AB80033B266 /* View */,
				8B6294062B634AC10033B266 /* ViewModel */,
			);
			path = Explore;
			sourceTree = "<group>";
		};
		8B6293E32B62AE240033B266 /* Listings */ = {
			isa = PBXGroup;
			children = (
				8B6293FF2B6343610033B266 /* Model */,
				8B6293FE2B6343590033B266 /* View */,
			);
			path = Listings;
			sourceTree = "<group>";
		};
		8B6293E42B62AE470033B266 /* MapView */ = {
			isa = PBXGroup;
			children = (
			);
			path = MapView;
			sourceTree = "<group>";
		};
		8B6293E52B62AE5D0033B266 /* Profile */ = {
			isa = PBXGroup;
			children = (
				8B6293F62B62F7E00033B266 /* ProfileView.swift */,
				8B6293F82B62F95A0033B266 /* ProfileOptionRowView.swift */,
			);
			path = Profile;
			sourceTree = "<group>";
		};
		8B6293E62B62AE6E0033B266 /* Wishlists */ = {
			isa = PBXGroup;
			children = (
				8B6293FA2B62FA9F0033B266 /* WishListView.swift */,
			);
			path = Wishlists;
			sourceTree = "<group>";
		};
		8B6293E72B62AE790033B266 /* TabBar */ = {
			isa = PBXGroup;
			children = (
				8B6293FC2B6340110033B266 /* MainTabView.swift */,
			);
			path = TabBar;
			sourceTree = "<group>";
		};
		8B6293E82B62AE860033B266 /* Root */ = {
			isa = PBXGroup;
			children = (
			);
			path = Root;
			sourceTree = "<group>";
		};
		8B6293F12B62BFFA0033B266 /* Components */ = {
			isa = PBXGroup;
			children = (
				8B6293F22B62C0180033B266 /* ListingImageCarouselView.swift */,
			);
			path = Components;
			sourceTree = "<group>";
		};
		8B6293FE2B6343590033B266 /* View */ = {
			isa = PBXGroup;
			children = (
				8B6293EB2B62B0440033B266 /* ListingItemView.swift */,
				8B6293EF2B62BFBD0033B266 /* ListingDetailView.swift */,
			);
			path = View;
			sourceTree = "<group>";
		};
		8B6293FF2B6343610033B266 /* Model */ = {
			isa = PBXGroup;
			children = (
				8B6294002B6343770033B266 /* Listing.swift */,
			);
			path = Model;
			sourceTree = "<group>";
		};
		8B6294042B634AAA0033B266 /* Service */ = {
			isa = PBXGroup;
			children = (
				8B6294092B634B2D0033B266 /* ExploreService.swift */,
			);
			path = Service;
			sourceTree = "<group>";
		};
		8B6294052B634AB80033B266 /* View */ = {
			isa = PBXGroup;
			children = (
				8B6293E92B62AEE80033B266 /* ExploreView.swift */,
				8B6293ED2B62B6BC0033B266 /* SearchAndFilterBar.swift */,
				8B6293F42B62CCF70033B266 /* DestinationSearchView.swift */,
			);
			path = View;
			sourceTree = "<group>";
		};
		8B6294062B634AC10033B266 /* ViewModel */ = {
			isa = PBXGroup;
			children = (
				8B6294072B634AE00033B266 /* ExploreViewModel.swift */,
			);
			path = ViewModel;
			sourceTree = "<group>";
		};
/* End PBXGroup section */

/* Begin PBXNativeTarget section */
		8B6293CB2B62ADB00033B266 /* AirbnbClone */ = {
			isa = PBXNativeTarget;
			buildConfigurationList = 8B6293DA2B62ADB50033B266 /* Build configuration list for PBXNativeTarget "AirbnbClone" */;
			buildPhases = (
				8B6293C82B62ADB00033B266 /* Sources */,
				8B6293C92B62ADB00033B266 /* Frameworks */,
				8B6293CA2B62ADB00033B266 /* Resources */,
			);
			buildRules = (
			);
			dependencies = (
			);
			name = AirbnbClone;
			productName = AirbnbClone;
			productReference = 8B6293CC2B62ADB00033B266 /* AirbnbClone.app */;
			productType = "com.apple.product-type.application";
		};
/* End PBXNativeTarget section */

/* Begin PBXProject section */
		8B6293C42B62ADB00033B266 /* Project object */ = {
			isa = PBXProject;
			attributes = {
				BuildIndependentTargetsInParallel = 1;
				LastSwiftUpdateCheck = 1520;
				LastUpgradeCheck = 1520;
				TargetAttributes = {
					8B6293CB2B62ADB00033B266 = {
						CreatedOnToolsVersion = 15.2;
					};
				};
			};
			buildConfigurationList = 8B6293C72B62ADB00033B266 /* Build configuration list for PBXProject "AirbnbClone" */;
			compatibilityVersion = "Xcode 14.0";
			developmentRegion = en;
			hasScannedForEncodings = 0;
			knownRegions = (
				en,
				Base,
			);
			mainGroup = 8B6293C32B62ADB00033B266;
			productRefGroup = 8B6293CD2B62ADB00033B266 /* Products */;
			projectDirPath = "";
			projectRoot = "";
			targets = (
				8B6293CB2B62ADB00033B266 /* AirbnbClone */,
			);
		};
/* End PBXProject section */

/* Begin PBXResourcesBuildPhase section */
		8B6293CA2B62ADB00033B266 /* Resources */ = {
			isa = PBXResourcesBuildPhase;
			buildActionMask = 2147483647;
			files = (
				8B6293D72B62ADB50033B266 /* Preview Assets.xcassets in Resources */,
				8B6293D42B62ADB50033B266 /* Assets.xcassets in Resources */,
			);
			runOnlyForDeploymentPostprocessing = 0;
		};
/* End PBXResourcesBuildPhase section */

/* Begin PBXSourcesBuildPhase section */
		8B6293C82B62ADB00033B266 /* Sources */ = {
			isa = PBXSourcesBuildPhase;
			buildActionMask = 2147483647;
			files = (
				8B6293F32B62C0180033B266 /* ListingImageCarouselView.swift in Sources */,
				8B6293F72B62F7E00033B266 /* ProfileView.swift in Sources */,
				8B6293F92B62F95A0033B266 /* ProfileOptionRowView.swift in Sources */,
				8B6293F52B62CCF70033B266 /* DestinationSearchView.swift in Sources */,
				8B6293EC2B62B0440033B266 /* ListingItemView.swift in Sources */,
				8B6293D22B62ADB00033B266 /* ContentView.swift in Sources */,
				8B6294082B634AE00033B266 /* ExploreViewModel.swift in Sources */,
				8B20EBF82B66C3B2003EC119 /* Regions.swift in Sources */,
				8B6293EA2B62AEE80033B266 /* ExploreView.swift in Sources */,
				8B6294012B6343770033B266 /* Listing.swift in Sources */,
				8B6293FB2B62FA9F0033B266 /* WishListView.swift in Sources */,
				8B6293D02B62ADB00033B266 /* AirbnbCloneApp.swift in Sources */,
				8B6293F02B62BFBD0033B266 /* ListingDetailView.swift in Sources */,
				8B6293EE2B62B6BC0033B266 /* SearchAndFilterBar.swift in Sources */,
				8B6293FD2B6340110033B266 /* MainTabView.swift in Sources */,
				8B6294032B6348430033B266 /* DeveloperPreview.swift in Sources */,
				8B62940A2B634B2D0033B266 /* ExploreService.swift in Sources */,
			);
			runOnlyForDeploymentPostprocessing = 0;
		};
/* End PBXSourcesBuildPhase section */

/* Begin XCBuildConfiguration section */
		8B6293D82B62ADB50033B266 /* Debug */ = {
			isa = XCBuildConfiguration;
			buildSettings = {
				ALWAYS_SEARCH_USER_PATHS = NO;
				ASSETCATALOG_COMPILER_GENERATE_SWIFT_ASSET_SYMBOL_EXTENSIONS = YES;
				CLANG_ANALYZER_NONNULL = YES;
				CLANG_ANALYZER_NUMBER_OBJECT_CONVERSION = YES_AGGRESSIVE;
				CLANG_CXX_LANGUAGE_STANDARD = "gnu++20";
				CLANG_ENABLE_MODULES = YES;
				CLANG_ENABLE_OBJC_ARC = YES;
				CLANG_ENABLE_OBJC_WEAK = YES;
				CLANG_WARN_BLOCK_CAPTURE_AUTORELEASING = YES;
				CLANG_WARN_BOOL_CONVERSION = YES;
				CLANG_WARN_COMMA = YES;
				CLANG_WARN_CONSTANT_CONVERSION = YES;
				CLANG_WARN_DEPRECATED_OBJC_IMPLEMENTATIONS = YES;
				CLANG_WARN_DIRECT_OBJC_ISA_USAGE = YES_ERROR;
				CLANG_WARN_DOCUMENTATION_COMMENTS = YES;
				CLANG_WARN_EMPTY_BODY = YES;
				CLANG_WARN_ENUM_CONVERSION = YES;
				CLANG_WARN_INFINITE_RECURSION = YES;
				CLANG_WARN_INT_CONVERSION = YES;
				CLANG_WARN_NON_LITERAL_NULL_CONVERSION = YES;
				CLANG_WARN_OBJC_IMPLICIT_RETAIN_SELF = YES;
				CLANG_WARN_OBJC_LITERAL_CONVERSION = YES;
				CLANG_WARN_OBJC_ROOT_CLASS = YES_ERROR;
				CLANG_WARN_QUOTED_INCLUDE_IN_FRAMEWORK_HEADER = YES;
				CLANG_WARN_RANGE_LOOP_ANALYSIS = YES;
				CLANG_WARN_STRICT_PROTOTYPES = YES;
				CLANG_WARN_SUSPICIOUS_MOVE = YES;
				CLANG_WARN_UNGUARDED_AVAILABILITY = YES_AGGRESSIVE;
				CLANG_WARN_UNREACHABLE_CODE = YES;
				CLANG_WARN__DUPLICATE_METHOD_MATCH = YES;
				COPY_PHASE_STRIP = NO;
				DEBUG_INFORMATION_FORMAT = dwarf;
				ENABLE_STRICT_OBJC_MSGSEND = YES;
				ENABLE_TESTABILITY = YES;
				ENABLE_USER_SCRIPT_SANDBOXING = YES;
				GCC_C_LANGUAGE_STANDARD = gnu17;
				GCC_DYNAMIC_NO_PIC = NO;
				GCC_NO_COMMON_BLOCKS = YES;
				GCC_OPTIMIZATION_LEVEL = 0;
				GCC_PREPROCESSOR_DEFINITIONS = (
					"DEBUG=1",
					"$(inherited)",
				);
				GCC_WARN_64_TO_32_BIT_CONVERSION = YES;
				GCC_WARN_ABOUT_RETURN_TYPE = YES_ERROR;
				GCC_WARN_UNDECLARED_SELECTOR = YES;
				GCC_WARN_UNINITIALIZED_AUTOS = YES_AGGRESSIVE;
				GCC_WARN_UNUSED_FUNCTION = YES;
				GCC_WARN_UNUSED_VARIABLE = YES;
				IPHONEOS_DEPLOYMENT_TARGET = 17.2;
				LOCALIZATION_PREFERS_STRING_CATALOGS = YES;
				MTL_ENABLE_DEBUG_INFO = INCLUDE_SOURCE;
				MTL_FAST_MATH = YES;
				ONLY_ACTIVE_ARCH = YES;
				SDKROOT = iphoneos;
				SWIFT_ACTIVE_COMPILATION_CONDITIONS = "DEBUG $(inherited)";
				SWIFT_OPTIMIZATION_LEVEL = "-Onone";
			};
			name = Debug;
		};
		8B6293D92B62ADB50033B266 /* Release */ = {
			isa = XCBuildConfiguration;
			buildSettings = {
				ALWAYS_SEARCH_USER_PATHS = NO;
				ASSETCATALOG_COMPILER_GENERATE_SWIFT_ASSET_SYMBOL_EXTENSIONS = YES;
				CLANG_ANALYZER_NONNULL = YES;
				CLANG_ANALYZER_NUMBER_OBJECT_CONVERSION = YES_AGGRESSIVE;
				CLANG_CXX_LANGUAGE_STANDARD = "gnu++20";
				CLANG_ENABLE_MODULES = YES;
				CLANG_ENABLE_OBJC_ARC = YES;
				CLANG_ENABLE_OBJC_WEAK = YES;
				CLANG_WARN_BLOCK_CAPTURE_AUTORELEASING = YES;
				CLANG_WARN_BOOL_CONVERSION = YES;
				CLANG_WARN_COMMA = YES;
				CLANG_WARN_CONSTANT_CONVERSION = YES;
				CLANG_WARN_DEPRECATED_OBJC_IMPLEMENTATIONS = YES;
				CLANG_WARN_DIRECT_OBJC_ISA_USAGE = YES_ERROR;
				CLANG_WARN_DOCUMENTATION_COMMENTS = YES;
				CLANG_WARN_EMPTY_BODY = YES;
				CLANG_WARN_ENUM_CONVERSION = YES;
				CLANG_WARN_INFINITE_RECURSION = YES;
				CLANG_WARN_INT_CONVERSION = YES;
				CLANG_WARN_NON_LITERAL_NULL_CONVERSION = YES;
				CLANG_WARN_OBJC_IMPLICIT_RETAIN_SELF = YES;
				CLANG_WARN_OBJC_LITERAL_CONVERSION = YES;
				CLANG_WARN_OBJC_ROOT_CLASS = YES_ERROR;
				CLANG_WARN_QUOTED_INCLUDE_IN_FRAMEWORK_HEADER = YES;
				CLANG_WARN_RANGE_LOOP_ANALYSIS = YES;
				CLANG_WARN_STRICT_PROTOTYPES = YES;
				CLANG_WARN_SUSPICIOUS_MOVE = YES;
				CLANG_WARN_UNGUARDED_AVAILABILITY = YES_AGGRESSIVE;
				CLANG_WARN_UNREACHABLE_CODE = YES;
				CLANG_WARN__DUPLICATE_METHOD_MATCH = YES;
				COPY_PHASE_STRIP = NO;
				DEBUG_INFORMATION_FORMAT = "dwarf-with-dsym";
				ENABLE_NS_ASSERTIONS = NO;
				ENABLE_STRICT_OBJC_MSGSEND = YES;
				ENABLE_USER_SCRIPT_SANDBOXING = YES;
				GCC_C_LANGUAGE_STANDARD = gnu17;
				GCC_NO_COMMON_BLOCKS = YES;
				GCC_WARN_64_TO_32_BIT_CONVERSION = YES;
				GCC_WARN_ABOUT_RETURN_TYPE = YES_ERROR;
				GCC_WARN_UNDECLARED_SELECTOR = YES;
				GCC_WARN_UNINITIALIZED_AUTOS = YES_AGGRESSIVE;
				GCC_WARN_UNUSED_FUNCTION = YES;
				GCC_WARN_UNUSED_VARIABLE = YES;
				IPHONEOS_DEPLOYMENT_TARGET = 17.2;
				LOCALIZATION_PREFERS_STRING_CATALOGS = YES;
				MTL_ENABLE_DEBUG_INFO = NO;
				MTL_FAST_MATH = YES;
				SDKROOT = iphoneos;
				SWIFT_COMPILATION_MODE = wholemodule;
				VALIDATE_PRODUCT = YES;
			};
			name = Release;
		};
		8B6293DB2B62ADB50033B266 /* Debug */ = {
			isa = XCBuildConfiguration;
			buildSettings = {
				ASSETCATALOG_COMPILER_APPICON_NAME = AppIcon;
				ASSETCATALOG_COMPILER_GLOBAL_ACCENT_COLOR_NAME = AccentColor;
				CODE_SIGN_STYLE = Automatic;
				CURRENT_PROJECT_VERSION = 1;
				DEVELOPMENT_ASSET_PATHS = "\"AirbnbClone/Preview Content\"";
				DEVELOPMENT_TEAM = 75W46TW7GG;
				ENABLE_PREVIEWS = YES;
				GENERATE_INFOPLIST_FILE = YES;
				INFOPLIST_KEY_UIApplicationSceneManifest_Generation = YES;
				INFOPLIST_KEY_UIApplicationSupportsIndirectInputEvents = YES;
				INFOPLIST_KEY_UILaunchScreen_Generation = YES;
				INFOPLIST_KEY_UISupportedInterfaceOrientations_iPad = "UIInterfaceOrientationPortrait UIInterfaceOrientationPortraitUpsideDown UIInterfaceOrientationLandscapeLeft UIInterfaceOrientationLandscapeRight";
				INFOPLIST_KEY_UISupportedInterfaceOrientations_iPhone = "UIInterfaceOrientationPortrait UIInterfaceOrientationLandscapeLeft UIInterfaceOrientationLandscapeRight";
				LD_RUNPATH_SEARCH_PATHS = (
					"$(inherited)",
					"@executable_path/Frameworks",
				);
				MARKETING_VERSION = 1.0;
				PRODUCT_BUNDLE_IDENTIFIER = com.Medhat.AirbnbClone;
				PRODUCT_NAME = "$(TARGET_NAME)";
				SWIFT_EMIT_LOC_STRINGS = YES;
				SWIFT_VERSION = 5.0;
				TARGETED_DEVICE_FAMILY = "1,2";
			};
			name = Debug;
		};
		8B6293DC2B62ADB50033B266 /* Release */ = {
			isa = XCBuildConfiguration;
			buildSettings = {
				ASSETCATALOG_COMPILER_APPICON_NAME = AppIcon;
				ASSETCATALOG_COMPILER_GLOBAL_ACCENT_COLOR_NAME = AccentColor;
				CODE_SIGN_STYLE = Automatic;
				CURRENT_PROJECT_VERSION = 1;
				DEVELOPMENT_ASSET_PATHS = "\"AirbnbClone/Preview Content\"";
				DEVELOPMENT_TEAM = 75W46TW7GG;
				ENABLE_PREVIEWS = YES;
				GENERATE_INFOPLIST_FILE = YES;
				INFOPLIST_KEY_UIApplicationSceneManifest_Generation = YES;
				INFOPLIST_KEY_UIApplicationSupportsIndirectInputEvents = YES;
				INFOPLIST_KEY_UILaunchScreen_Generation = YES;
				INFOPLIST_KEY_UISupportedInterfaceOrientations_iPad = "UIInterfaceOrientationPortrait UIInterfaceOrientationPortraitUpsideDown UIInterfaceOrientationLandscapeLeft UIInterfaceOrientationLandscapeRight";
				INFOPLIST_KEY_UISupportedInterfaceOrientations_iPhone = "UIInterfaceOrientationPortrait UIInterfaceOrientationLandscapeLeft UIInterfaceOrientationLandscapeRight";
				LD_RUNPATH_SEARCH_PATHS = (
					"$(inherited)",
					"@executable_path/Frameworks",
				);
				MARKETING_VERSION = 1.0;
				PRODUCT_BUNDLE_IDENTIFIER = com.Medhat.AirbnbClone;
				PRODUCT_NAME = "$(TARGET_NAME)";
				SWIFT_EMIT_LOC_STRINGS = YES;
				SWIFT_VERSION = 5.0;
				TARGETED_DEVICE_FAMILY = "1,2";
			};
			name = Release;
		};
/* End XCBuildConfiguration section */

/* Begin XCConfigurationList section */
		8B6293C72B62ADB00033B266 /* Build configuration list for PBXProject "AirbnbClone" */ = {
			isa = XCConfigurationList;
			buildConfigurations = (
				8B6293D82B62ADB50033B266 /* Debug */,
				8B6293D92B62ADB50033B266 /* Release */,
			);
			defaultConfigurationIsVisible = 0;
			defaultConfigurationName = Release;
		};
		8B6293DA2B62ADB50033B266 /* Build configuration list for PBXNativeTarget "AirbnbClone" */ = {
			isa = XCConfigurationList;
			buildConfigurations = (
				8B6293DB2B62ADB50033B266 /* Debug */,
				8B6293DC2B62ADB50033B266 /* Release */,
			);
			defaultConfigurationIsVisible = 0;
			defaultConfigurationName = Release;
		};
/* End XCConfigurationList section */
	};
	rootObject = 8B6293C42B62ADB00033B266 /* Project object */;
}
